
Microsoft Visual Studio Solution File, Format Version 12.00
# Visual Studio Version 16
VisualStudioVersion = 16.0.36631.11
MinimumVisualStudioVersion = 10.0.40219.1
Project("{FAE04EC0-301F-11D3-BF4B-00C04F79EFBC}") = "Assembly", "Assembly\Assembly.csproj", "{799F9937-A356-4449-9EB6-8E4F6DB0A6FC}"
EndProject
Global
	GlobalSection(SolutionConfigurationPlatforms) = preSolution
		Debug|Any CPU = Debug|Any CPU
		Release|Any CPU = Release|Any CPU
	EndGlobalSection
	GlobalSection(ProjectConfigurationPlatforms) = postSolution
		{799F9937-A356-4449-9EB6-8E4F6DB0A6FC}.Debug|Any CPU.ActiveCfg = Debug|Any CPU
		{799F9937-A356-4449-9EB6-8E4F6DB0A6FC}.Debug|Any CPU.Build.0 = Debug|Any CPU
		{799F9937-A356-4449-9EB6-8E4F6DB0A6FC}.Release|Any CPU.ActiveCfg = Release|Any CPU
		{799F9937-A356-4449-9EB6-8E4F6DB0A6FC}.Release|Any CPU.Build.0 = Release|Any CPU
	EndGlobalSection
	GlobalSection(SolutionProperties) = preSolution
		HideSolutionNode = FALSE
	EndGlobalSection
	GlobalSection(ExtensibilityGlobals) = postSolution
		SolutionGuid = {3B556E83-739F-4D9D-A159-707EA483470E}
	EndGlobalSection
EndGlobal
