
Microsoft Visual Studio Solution File, Format Version 12.00
# Visual Studio Version 17
VisualStudioVersion = 17.14.36518.9 d17.14
MinimumVisualStudioVersion = 10.0.40219.1
Project("{FAE04EC0-301F-11D3-BF4B-00C04F79EFBC}") = "L5", "L5\L5.csproj", "{50D61A5E-B703-4FFB-B5EB-15FBC7A9703B}"
EndProject
Global
	GlobalSection(SolutionConfigurationPlatforms) = preSolution
		Debug|Any CPU = Debug|Any CPU
		Release|Any CPU = Release|Any CPU
	EndGlobalSection
	GlobalSection(ProjectConfigurationPlatforms) = postSolution
		{50D61A5E-B703-4FFB-B5EB-15FBC7A9703B}.Debug|Any CPU.ActiveCfg = Debug|Any CPU
		{50D61A5E-B703-4FFB-B5EB-15FBC7A9703B}.Debug|Any CPU.Build.0 = Debug|Any CPU
		{50D61A5E-B703-4FFB-B5EB-15FBC7A9703B}.Release|Any CPU.ActiveCfg = Release|Any CPU
		{50D61A5E-B703-4FFB-B5EB-15FBC7A9703B}.Release|Any CPU.Build.0 = Release|Any CPU
	EndGlobalSection
	GlobalSection(SolutionProperties) = preSolution
		HideSolutionNode = FALSE
	EndGlobalSection
	GlobalSection(ExtensibilityGlobals) = postSolution
		SolutionGuid = {E7B79068-AB11-4871-ABA2-5B4B3323D274}
	EndGlobalSection
EndGlobal
