
Microsoft Visual Studio Solution File, Format Version 12.00
# Visual Studio Version 17
VisualStudioVersion = 17.14.36518.9 d17.14
MinimumVisualStudioVersion = 10.0.40219.1
Project("{FAE04EC0-301F-11D3-BF4B-00C04F79EFBC}") = "L2", "L2\L2.csproj", "{3A0C14D2-B7F0-4CA0-86E6-360150EFD56F}"
EndProject
Global
	GlobalSection(SolutionConfigurationPlatforms) = preSolution
		Debug|Any CPU = Debug|Any CPU
		Release|Any CPU = Release|Any CPU
	EndGlobalSection
	GlobalSection(ProjectConfigurationPlatforms) = postSolution
		{3A0C14D2-B7F0-4CA0-86E6-360150EFD56F}.Debug|Any CPU.ActiveCfg = Debug|Any CPU
		{3A0C14D2-B7F0-4CA0-86E6-360150EFD56F}.Debug|Any CPU.Build.0 = Debug|Any CPU
		{3A0C14D2-B7F0-4CA0-86E6-360150EFD56F}.Release|Any CPU.ActiveCfg = Release|Any CPU
		{3A0C14D2-B7F0-4CA0-86E6-360150EFD56F}.Release|Any CPU.Build.0 = Release|Any CPU
	EndGlobalSection
	GlobalSection(SolutionProperties) = preSolution
		HideSolutionNode = FALSE
	EndGlobalSection
	GlobalSection(ExtensibilityGlobals) = postSolution
		SolutionGuid = {88DD1AD3-75A0-4742-9413-F22A1620758F}
	EndGlobalSection
EndGlobal
